
Microsoft Visual Studio Solution File, Format Version 12.00
# Visual Studio Version 17
VisualStudioVersion = 17.8.34408.163
MinimumVisualStudioVersion = 10.0.40219.1
Project("{54A90642-561A-4BB1-A94E-469ADEE60C69}") = "monmorpionminiprojet", "MonMorpionMiniProjet\monmorpionminiprojet.esproj", "{BD28C2A7-E87E-4681-9EA8-95FC82034292}"
EndProject
Global
	GlobalSection(SolutionConfigurationPlatforms) = preSolution
		Debug|Any CPU = Debug|Any CPU
		Release|Any CPU = Release|Any CPU
	EndGlobalSection
	GlobalSection(ProjectConfigurationPlatforms) = postSolution
		{BD28C2A7-E87E-4681-9EA8-95FC82034292}.Debug|Any CPU.ActiveCfg = Debug|Any CPU
		{BD28C2A7-E87E-4681-9EA8-95FC82034292}.Debug|Any CPU.Build.0 = Debug|Any CPU
		{BD28C2A7-E87E-4681-9EA8-95FC82034292}.Debug|Any CPU.Deploy.0 = Debug|Any CPU
		{BD28C2A7-E87E-4681-9EA8-95FC82034292}.Release|Any CPU.ActiveCfg = Release|Any CPU
		{BD28C2A7-E87E-4681-9EA8-95FC82034292}.Release|Any CPU.Build.0 = Release|Any CPU
		{BD28C2A7-E87E-4681-9EA8-95FC82034292}.Release|Any CPU.Deploy.0 = Release|Any CPU
	EndGlobalSection
	GlobalSection(SolutionProperties) = preSolution
		HideSolutionNode = FALSE
	EndGlobalSection
	GlobalSection(ExtensibilityGlobals) = postSolution
		SolutionGuid = {3C5A3AC4-459E-40A5-8F6C-D2FC7E2F8926}
	EndGlobalSection
EndGlobal
